
Microsoft Visual Studio Solution File, Format Version 12.00
# Visual Studio Version 17
VisualStudioVersion = 17.11.35431.28
MinimumVisualStudioVersion = 10.0.40219.1
Project("{FAE04EC0-301F-11D3-BF4B-00C04F79EFBC}") = "ContabilidadeProcessor", "ContabilidadeProcessor\ContabilidadeProcessor.csproj", "{2D1E816C-7DE1-4252-8767-7DD772B34598}"
EndProject
Global
	GlobalSection(SolutionConfigurationPlatforms) = preSolution
		Debug|Any CPU = Debug|Any CPU
		Release|Any CPU = Release|Any CPU
	EndGlobalSection
	GlobalSection(ProjectConfigurationPlatforms) = postSolution
		{2D1E816C-7DE1-4252-8767-7DD772B34598}.Debug|Any CPU.ActiveCfg = Debug|Any CPU
		{2D1E816C-7DE1-4252-8767-7DD772B34598}.Debug|Any CPU.Build.0 = Debug|Any CPU
		{2D1E816C-7DE1-4252-8767-7DD772B34598}.Release|Any CPU.ActiveCfg = Release|Any CPU
		{2D1E816C-7DE1-4252-8767-7DD772B34598}.Release|Any CPU.Build.0 = Release|Any CPU
	EndGlobalSection
	GlobalSection(SolutionProperties) = preSolution
		HideSolutionNode = FALSE
	EndGlobalSection
	GlobalSection(ExtensibilityGlobals) = postSolution
		SolutionGuid = {C39DD429-EBE5-4F92-B6FF-5AFD18811D4C}
	EndGlobalSection
EndGlobal
